// !$*UTF8*$!
{
	archiveVersion = 1;
	classes = {
	};
	objectVersion = 46;
	objects = {

/* Begin PBXBuildFile section */
		43883F3F19F54E1B000FA7E9 /* AppDelegate.swift in Sources */ = {isa = PBXBuildFile; fileRef = 43883F3E19F54E1B000FA7E9 /* AppDelegate.swift */; };
		43883F4119F54E1B000FA7E9 /* ViewController.swift in Sources */ = {isa = PBXBuildFile; fileRef = 43883F4019F54E1B000FA7E9 /* ViewController.swift */; };
		43883F4419F54E1B000FA7E9 /* Main.storyboard in Resources */ = {isa = PBXBuildFile; fileRef = 43883F4219F54E1B000FA7E9 /* Main.storyboard */; };
		43883F4619F54E1B000FA7E9 /* Images.xcassets in Resources */ = {isa = PBXBuildFile; fileRef = 43883F4519F54E1B000FA7E9 /* Images.xcassets */; };
		43883F4919F54E1B000FA7E9 /* LaunchScreen.xib in Resources */ = {isa = PBXBuildFile; fileRef = 43883F4719F54E1B000FA7E9 /* LaunchScreen.xib */; };
		43883F5519F54E1B000FA7E9 /* MipMaperTests.swift in Sources */ = {isa = PBXBuildFile; fileRef = 43883F5419F54E1B000FA7E9 /* MipMaperTests.swift */; };
/* End PBXBuildFile section */

/* Begin PBXContainerItemProxy section */
		43883F4F19F54E1B000FA7E9 /* PBXContainerItemProxy */ = {
			isa = PBXContainerItemProxy;
			containerPortal = 43883F3119F54E1B000FA7E9 /* Project object */;
			proxyType = 1;
			remoteGlobalIDString = 43883F3819F54E1B000FA7E9;
			remoteInfo = MipMaper;
		};
/* End PBXContainerItemProxy section */

/* Begin PBXFileReference section */
		43883F3919F54E1B000FA7E9 /* MipMaper.app */ = {isa = PBXFileReference; explicitFileType = wrapper.application; includeInIndex = 0; path = MipMaper.app; sourceTree = BUILT_PRODUCTS_DIR; };
		43883F3D19F54E1B000FA7E9 /* Info.plist */ = {isa = PBXFileReference; lastKnownFileType = text.plist.xml; path = Info.plist; sourceTree = "<group>"; };
		43883F3E19F54E1B000FA7E9 /* AppDelegate.swift */ = {isa = PBXFileReference; lastKnownFileType = sourcecode.swift; path = AppDelegate.swift; sourceTree = "<group>"; };
		43883F4019F54E1B000FA7E9 /* ViewController.swift */ = {isa = PBXFileReference; lastKnownFileType = sourcecode.swift; path = ViewController.swift; sourceTree = "<group>"; };
		43883F4319F54E1B000FA7E9 /* Base */ = {isa = PBXFileReference; lastKnownFileType = file.storyboard; name = Base; path = Base.lproj/Main.storyboard; sourceTree = "<group>"; };
		43883F4519F54E1B000FA7E9 /* Images.xcassets */ = {isa = PBXFileReference; lastKnownFileType = folder.assetcatalog; path = Images.xcassets; sourceTree = "<group>"; };
		43883F4819F54E1B000FA7E9 /* Base */ = {isa = PBXFileReference; lastKnownFileType = file.xib; name = Base; path = Base.lproj/LaunchScreen.xib; sourceTree = "<group>"; };
		43883F4E19F54E1B000FA7E9 /* MipMaperTests.xctest */ = {isa = PBXFileReference; explicitFileType = wrapper.cfbundle; includeInIndex = 0; path = MipMaperTests.xctest; sourceTree = BUILT_PRODUCTS_DIR; };
		43883F5319F54E1B000FA7E9 /* Info.plist */ = {isa = PBXFileReference; lastKnownFileType = text.plist.xml; path = Info.plist; sourceTree = "<group>"; };
		43883F5419F54E1B000FA7E9 /* MipMaperTests.swift */ = {isa = PBXFileReference; lastKnownFileType = sourcecode.swift; path = MipMaperTests.swift; sourceTree = "<group>"; };
/* End PBXFileReference section */

/* Begin PBXFrameworksBuildPhase section */
		43883F3619F54E1B000FA7E9 /* Frameworks */ = {
			isa = PBXFrameworksBuildPhase;
			buildActionMask = 2147483647;
			files = (
			);
			runOnlyForDeploymentPostprocessing = 0;
		};
		43883F4B19F54E1B000FA7E9 /* Frameworks */ = {
			isa = PBXFrameworksBuildPhase;
			buildActionMask = 2147483647;
			files = (
			);
			runOnlyForDeploymentPostprocessing = 0;
		};
/* End PBXFrameworksBuildPhase section */

/* Begin PBXGroup section */
		43883F3019F54E1B000FA7E9 = {
			isa = PBXGroup;
			children = (
				43883F3B19F54E1B000FA7E9 /* MipMaper */,
				43883F5119F54E1B000FA7E9 /* MipMaperTests */,
				43883F3A19F54E1B000FA7E9 /* Products */,
			);
			sourceTree = "<group>";
		};
		43883F3A19F54E1B000FA7E9 /* Products */ = {
			isa = PBXGroup;
			children = (
				43883F3919F54E1B000FA7E9 /* MipMaper.app */,
				43883F4E19F54E1B000FA7E9 /* MipMaperTests.xctest */,
			);
			name = Products;
			sourceTree = "<group>";
		};
		43883F3B19F54E1B000FA7E9 /* MipMaper */ = {
			isa = PBXGroup;
			children = (
				43883F3E19F54E1B000FA7E9 /* AppDelegate.swift */,
				43883F4019F54E1B000FA7E9 /* ViewController.swift */,
				43883F4219F54E1B000FA7E9 /* Main.storyboard */,
				43883F4519F54E1B000FA7E9 /* Images.xcassets */,
				43883F4719F54E1B000FA7E9 /* LaunchScreen.xib */,
				43883F3C19F54E1B000FA7E9 /* Supporting Files */,
			);
			path = MipMaper;
			sourceTree = "<group>";
		};
		43883F3C19F54E1B000FA7E9 /* Supporting Files */ = {
			isa = PBXGroup;
			children = (
				43883F3D19F54E1B000FA7E9 /* Info.plist */,
			);
			name = "Supporting Files";
			sourceTree = "<group>";
		};
		43883F5119F54E1B000FA7E9 /* MipMaperTests */ = {
			isa = PBXGroup;
			children = (
				43883F5419F54E1B000FA7E9 /* MipMaperTests.swift */,
				43883F5219F54E1B000FA7E9 /* Supporting Files */,
			);
			path = MipMaperTests;
			sourceTree = "<group>";
		};
		43883F5219F54E1B000FA7E9 /* Supporting Files */ = {
			isa = PBXGroup;
			children = (
				43883F5319F54E1B000FA7E9 /* Info.plist */,
			);
			name = "Supporting Files";
			sourceTree = "<group>";
		};
/* End PBXGroup section */

/* Begin PBXNativeTarget section */
		43883F3819F54E1B000FA7E9 /* MipMaper */ = {
			isa = PBXNativeTarget;
			buildConfigurationList = 43883F5819F54E1B000FA7E9 /* Build configuration list for PBXNativeTarget "MipMaper" */;
			buildPhases = (
				43883F3519F54E1B000FA7E9 /* Sources */,
				43883F3619F54E1B000FA7E9 /* Frameworks */,
				43883F3719F54E1B000FA7E9 /* Resources */,
			);
			buildRules = (
			);
			dependencies = (
			);
			name = MipMaper;
			productName = MipMaper;
			productReference = 43883F3919F54E1B000FA7E9 /* MipMaper.app */;
			productType = "com.apple.product-type.application";
		};
		43883F4D19F54E1B000FA7E9 /* MipMaperTests */ = {
			isa = PBXNativeTarget;
			buildConfigurationList = 43883F5B19F54E1B000FA7E9 /* Build configuration list for PBXNativeTarget "MipMaperTests" */;
			buildPhases = (
				43883F4A19F54E1B000FA7E9 /* Sources */,
				43883F4B19F54E1B000FA7E9 /* Frameworks */,
				43883F4C19F54E1B000FA7E9 /* Resources */,
			);
			buildRules = (
			);
			dependencies = (
				43883F5019F54E1B000FA7E9 /* PBXTargetDependency */,
			);
			name = MipMaperTests;
			productName = MipMaperTests;
			productReference = 43883F4E19F54E1B000FA7E9 /* MipMaperTests.xctest */;
			productType = "com.apple.product-type.bundle.unit-test";
		};
/* End PBXNativeTarget section */

/* Begin PBXProject section */
		43883F3119F54E1B000FA7E9 /* Project object */ = {
			isa = PBXProject;
			attributes = {
				LastUpgradeCheck = 0600;
				ORGANIZATIONNAME = None;
				TargetAttributes = {
					43883F3819F54E1B000FA7E9 = {
						CreatedOnToolsVersion = 6.0;
					};
					43883F4D19F54E1B000FA7E9 = {
						CreatedOnToolsVersion = 6.0;
						TestTargetID = 43883F3819F54E1B000FA7E9;
					};
				};
			};
			buildConfigurationList = 43883F3419F54E1B000FA7E9 /* Build configuration list for PBXProject "MipMaper" */;
			compatibilityVersion = "Xcode 3.2";
			developmentRegion = English;
			hasScannedForEncodings = 0;
			knownRegions = (
				en,
				Base,
			);
			mainGroup = 43883F3019F54E1B000FA7E9;
			productRefGroup = 43883F3A19F54E1B000FA7E9 /* Products */;
			projectDirPath = "";
			projectRoot = "";
			targets = (
				43883F3819F54E1B000FA7E9 /* MipMaper */,
				43883F4D19F54E1B000FA7E9 /* MipMaperTests */,
			);
		};
/* End PBXProject section */

/* Begin PBXResourcesBuildPhase section */
		43883F3719F54E1B000FA7E9 /* Resources */ = {
			isa = PBXResourcesBuildPhase;
			buildActionMask = 2147483647;
			files = (
				43883F4419F54E1B000FA7E9 /* Main.storyboard in Resources */,
				43883F4919F54E1B000FA7E9 /* LaunchScreen.xib in Resources */,
				43883F4619F54E1B000FA7E9 /* Images.xcassets in Resources */,
			);
			runOnlyForDeploymentPostprocessing = 0;
		};
		43883F4C19F54E1B000FA7E9 /* Resources */ = {
			isa = PBXResourcesBuildPhase;
			buildActionMask = 2147483647;
			files = (
			);
			runOnlyForDeploymentPostprocessing = 0;
		};
/* End PBXResourcesBuildPhase section */

/* Begin PBXSourcesBuildPhase section */
		43883F3519F54E1B000FA7E9 /* Sources */ = {
			isa = PBXSourcesBuildPhase;
			buildActionMask = 2147483647;
			files = (
				43883F4119F54E1B000FA7E9 /* ViewController.swift in Sources */,
				43883F3F19F54E1B000FA7E9 /* AppDelegate.swift in Sources */,
			);
			runOnlyForDeploymentPostprocessing = 0;
		};
		43883F4A19F54E1B000FA7E9 /* Sources */ = {
			isa = PBXSourcesBuildPhase;
			buildActionMask = 2147483647;
			files = (
				43883F5519F54E1B000FA7E9 /* MipMaperTests.swift in Sources */,
			);
			runOnlyForDeploymentPostprocessing = 0;
		};
/* End PBXSourcesBuildPhase section */

/* Begin PBXTargetDependency section */
		43883F5019F54E1B000FA7E9 /* PBXTargetDependency */ = {
			isa = PBXTargetDependency;
			target = 43883F3819F54E1B000FA7E9 /* MipMaper */;
			targetProxy = 43883F4F19F54E1B000FA7E9 /* PBXContainerItemProxy */;
		};
/* End PBXTargetDependency section */

/* Begin PBXVariantGroup section */
		43883F4219F54E1B000FA7E9 /* Main.storyboard */ = {
			isa = PBXVariantGroup;
			children = (
				43883F4319F54E1B000FA7E9 /* Base */,
			);
			name = Main.storyboard;
			sourceTree = "<group>";
		};
		43883F4719F54E1B000FA7E9 /* LaunchScreen.xib */ = {
			isa = PBXVariantGroup;
			children = (
				43883F4819F54E1B000FA7E9 /* Base */,
			);
			name = LaunchScreen.xib;
			sourceTree = "<group>";
		};
/* End PBXVariantGroup section */

/* Begin XCBuildConfiguration section */
		43883F5619F54E1B000FA7E9 /* Debug */ = {
			isa = XCBuildConfiguration;
			buildSettings = {
				ALWAYS_SEARCH_USER_PATHS = NO;
				CLANG_CXX_LANGUAGE_STANDARD = "gnu++0x";
				CLANG_CXX_LIBRARY = "libc++";
				CLANG_ENABLE_MODULES = YES;
				CLANG_ENABLE_OBJC_ARC = YES;
				CLANG_WARN_BOOL_CONVERSION = YES;
				CLANG_WARN_CONSTANT_CONVERSION = YES;
				CLANG_WARN_DIRECT_OBJC_ISA_USAGE = YES_ERROR;
				CLANG_WARN_EMPTY_BODY = YES;
				CLANG_WARN_ENUM_CONVERSION = YES;
				CLANG_WARN_INT_CONVERSION = YES;
				CLANG_WARN_OBJC_ROOT_CLASS = YES_ERROR;
				CLANG_WARN_UNREACHABLE_CODE = YES;
				CLANG_WARN__DUPLICATE_METHOD_MATCH = YES;
				"CODE_SIGN_IDENTITY[sdk=iphoneos*]" = "iPhone Developer";
				COPY_PHASE_STRIP = NO;
				ENABLE_STRICT_OBJC_MSGSEND = YES;
				GCC_C_LANGUAGE_STANDARD = gnu99;
				GCC_DYNAMIC_NO_PIC = NO;
				GCC_OPTIMIZATION_LEVEL = 0;
				GCC_PREPROCESSOR_DEFINITIONS = (
					"DEBUG=1",
					"$(inherited)",
				);
				GCC_SYMBOLS_PRIVATE_EXTERN = NO;
				GCC_WARN_64_TO_32_BIT_CONVERSION = YES;
				GCC_WARN_ABOUT_RETURN_TYPE = YES_ERROR;
				GCC_WARN_UNDECLARED_SELECTOR = YES;
				GCC_WARN_UNINITIALIZED_AUTOS = YES_AGGRESSIVE;
				GCC_WARN_UNUSED_FUNCTION = YES;
				GCC_WARN_UNUSED_VARIABLE = YES;
				IPHONEOS_DEPLOYMENT_TARGET = 8.0;
				MTL_ENABLE_DEBUG_INFO = YES;
				ONLY_ACTIVE_ARCH = YES;
				SDKROOT = iphoneos;
				SWIFT_OPTIMIZATION_LEVEL = "-Onone";
				TARGETED_DEVICE_FAMILY = "1,2";
			};
			name = Debug;
		};
		43883F5719F54E1B000FA7E9 /* Release */ = {
			isa = XCBuildConfiguration;
			buildSettings = {
				ALWAYS_SEARCH_USER_PATHS = NO;
				CLANG_CXX_LANGUAGE_STANDARD = "gnu++0x";
				CLANG_CXX_LIBRARY = "libc++";
				CLANG_ENABLE_MODULES = YES;
				CLANG_ENABLE_OBJC_ARC = YES;
				CLANG_WARN_BOOL_CONVERSION = YES;
				CLANG_WARN_CONSTANT_CONVERSION = YES;
				CLANG_WARN_DIRECT_OBJC_ISA_USAGE = YES_ERROR;
				CLANG_WARN_EMPTY_BODY = YES;
				CLANG_WARN_ENUM_CONVERSION = YES;
				CLANG_WARN_INT_CONVERSION = YES;
				CLANG_WARN_OBJC_ROOT_CLASS = YES_ERROR;
				CLANG_WARN_UNREACHABLE_CODE = YES;
				CLANG_WARN__DUPLICATE_METHOD_MATCH = YES;
				"CODE_SIGN_IDENTITY[sdk=iphoneos*]" = "iPhone Developer";
				COPY_PHASE_STRIP = YES;
				ENABLE_NS_ASSERTIONS = NO;
				ENABLE_STRICT_OBJC_MSGSEND = YES;
				GCC_C_LANGUAGE_STANDARD = gnu99;
				GCC_WARN_64_TO_32_BIT_CONVERSION = YES;
				GCC_WARN_ABOUT_RETURN_TYPE = YES_ERROR;
				GCC_WARN_UNDECLARED_SELECTOR = YES;
				GCC_WARN_UNINITIALIZED_AUTOS = YES_AGGRESSIVE;
				GCC_WARN_UNUSED_FUNCTION = YES;
				GCC_WARN_UNUSED_VARIABLE = YES;
				IPHONEOS_DEPLOYMENT_TARGET = 8.0;
				MTL_ENABLE_DEBUG_INFO = NO;
				SDKROOT = iphoneos;
				TARGETED_DEVICE_FAMILY = "1,2";
				VALIDATE_PRODUCT = YES;
			};
			name = Release;
		};
		43883F5919F54E1B000FA7E9 /* Debug */ = {
			isa = XCBuildConfiguration;
			buildSettings = {
				ASSETCATALOG_COMPILER_APPICON_NAME = AppIcon;
				INFOPLIST_FILE = MipMaper/Info.plist;
				LD_RUNPATH_SEARCH_PATHS = "$(inherited) @executable_path/Frameworks";
				PRODUCT_NAME = "$(TARGET_NAME)";
			};
			name = Debug;
		};
		43883F5A19F54E1B000FA7E9 /* Release */ = {
			isa = XCBuildConfiguration;
			buildSettings = {
				ASSETCATALOG_COMPILER_APPICON_NAME = AppIcon;
				INFOPLIST_FILE = MipMaper/Info.plist;
				LD_RUNPATH_SEARCH_PATHS = "$(inherited) @executable_path/Frameworks";
				PRODUCT_NAME = "$(TARGET_NAME)";
			};
			name = Release;
		};
		43883F5C19F54E1B000FA7E9 /* Debug */ = {
			isa = XCBuildConfiguration;
			buildSettings = {
				BUNDLE_LOADER = "$(TEST_HOST)";
				FRAMEWORK_SEARCH_PATHS = (
					"$(SDKROOT)/Developer/Library/Frameworks",
					"$(inherited)",
				);
				GCC_PREPROCESSOR_DEFINITIONS = (
					"DEBUG=1",
					"$(inherited)",
				);
				INFOPLIST_FILE = MipMaperTests/Info.plist;
				LD_RUNPATH_SEARCH_PATHS = "$(inherited) @executable_path/Frameworks @loader_path/Frameworks";
				PRODUCT_NAME = "$(TARGET_NAME)";
				TEST_HOST = "$(BUILT_PRODUCTS_DIR)/MipMaper.app/MipMaper";
			};
			name = Debug;
		};
		43883F5D19F54E1B000FA7E9 /* Release */ = {
			isa = XCBuildConfiguration;
			buildSettings = {
				BUNDLE_LOADER = "$(TEST_HOST)";
				FRAMEWORK_SEARCH_PATHS = (
					"$(SDKROOT)/Developer/Library/Frameworks",
					"$(inherited)",
				);
				INFOPLIST_FILE = MipMaperTests/Info.plist;
				LD_RUNPATH_SEARCH_PATHS = "$(inherited) @executable_path/Frameworks @loader_path/Frameworks";
				PRODUCT_NAME = "$(TARGET_NAME)";
				TEST_HOST = "$(BUILT_PRODUCTS_DIR)/MipMaper.app/MipMaper";
			};
			name = Release;
		};
/* End XCBuildConfiguration section */

/* Begin XCConfigurationList section */
		43883F3419F54E1B000FA7E9 /* Build configuration list for PBXProject "MipMaper" */ = {
			isa = XCConfigurationList;
			buildConfigurations = (
				43883F5619F54E1B000FA7E9 /* Debug */,
				43883F5719F54E1B000FA7E9 /* Release */,
			);
			defaultConfigurationIsVisible = 0;
			defaultConfigurationName = Release;
		};
		43883F5819F54E1B000FA7E9 /* Build configuration list for PBXNativeTarget "MipMaper" */ = {
			isa = XCConfigurationList;
			buildConfigurations = (
				43883F5919F54E1B000FA7E9 /* Debug */,
				43883F5A19F54E1B000FA7E9 /* Release */,
			);
			defaultConfigurationIsVisible = 0;
		};
		43883F5B19F54E1B000FA7E9 /* Build configuration list for PBXNativeTarget "MipMaperTests" */ = {
			isa = XCConfigurationList;
			buildConfigurations = (
				43883F5C19F54E1B000FA7E9 /* Debug */,
				43883F5D19F54E1B000FA7E9 /* Release */,
			);
			defaultConfigurationIsVisible = 0;
		};
/* End XCConfigurationList section */
	};
	rootObject = 43883F3119F54E1B000FA7E9 /* Project object */;
}
